<Solution>
  <Folder Name="/01 Web/">
    <Project Path="Web.Client/Web.Client.esproj">
      <Build />
      <Deploy />
    </Project>
    <Project Path="Web.Core/Web.Core.csproj" Id="9ac78c56-9332-4630-9efb-e131336ad141" />
  </Folder>
  <Folder Name="/02 Logic/">
    <Project Path="Logic.Authentication/Logic.Authentication.csproj" Id="8228cb98-e74e-4b27-9b03-e78fdd8c96d1" />
    <Project Path="Logic.Devices/Logic.Devices.csproj" />
    <Project Path="Logic.Notifications/Logic.Notifications.csproj" />
    <Project Path="Logic.Organizations/Logic.Organizations.csproj" />
    <Project Path="Logic.Shared/Logic.Shared.csproj" />
  </Folder>
  <Folder Name="/03 Data/">
    <Project Path="Data.Accessor/Data.Accessor.csproj" Id="d3a57e06-784d-4c1c-a964-c06f6448f5fb" />
    <Project Path="Data.Database/Data.Database.csproj" Id="ea55c5dc-f81a-400a-8220-f2744105c90d" />
  </Folder>
  <Folder Name="/04 Shared/">
    <Project Path="Shared/Shared.csproj" />
  </Folder>
  <Folder Name="/05 Tests/">
    <Project Path="Architecture.Tests/Architecture.Tests.csproj" />
    <Project Path="Data.IntegrationTests/Data.IntegrationTests.csproj" />
    <Project Path="Logic.Authentication.Tests/Logic.Authentication.Tests.csproj" />
    <Project Path="Logic.Devices.Tests/Logic.Devices.Tests.csproj" />
    <Project Path="Logic.Notifications.Tests/Logic.Notifications.Tests.csproj" />
    <Project Path="Logic.Organizations.Tests/Logic.Organizations.Tests.csproj" />
  </Folder>
</Solution>
